{
  "name": "localore",
  "lockfileVersion": 3,
  "requires": true,
  "packages": {
    "": {
      "dependencies": {
        "colorthief": "^3.3.1"
      }
    },
    "node_modules/colorthief": {
      "version": "3.3.1",
      "resolved": "https://registry.npmjs.org/colorthief/-/colorthief-3.3.1.tgz",
      "integrity": "sha512-a3qzYXy51h6p3725pV8rnJwUBGTtvYQge2pVhKJwL+vETUD5pCi6VKmQyu51pBHdUbu/BPEXbwFLS0GnxXNhGA==",
      "license": "MIT",
      "bin": {
        "colorthief": "dist/cli.js"
      },
      "peerDependencies": {
        "sharp": ">=0.33.0"
      },
      "peerDependenciesMeta": {
        "sharp": {
          "optional": true
        }
      }
    }
  }
}
